
Microsoft Visual Studio Solution File, Format Version 12.00
# Visual Studio Version 16
VisualStudioVersion = 16.0.31129.286
MinimumVisualStudioVersion = 10.0.40219.1
Project("{FAE04EC0-301F-11D3-BF4B-00C04F79EFBC}") = "WinFormsApp1", "WinFormsApp1.csproj", "{0FABB7CC-22FF-4ADC-BAC9-20914D7C325C}"
EndProject
Global
	GlobalSection(SolutionConfigurationPlatforms) = preSolution
		Debug|Any CPU = Debug|Any CPU
		Release|Any CPU = Release|Any CPU
	EndGlobalSection
	GlobalSection(ProjectConfigurationPlatforms) = postSolution
		{0FABB7CC-22FF-4ADC-BAC9-20914D7C325C}.Debug|Any CPU.ActiveCfg = Debug|Any CPU
		{0FABB7CC-22FF-4ADC-BAC9-20914D7C325C}.Debug|Any CPU.Build.0 = Debug|Any CPU
		{0FABB7CC-22FF-4ADC-BAC9-20914D7C325C}.Release|Any CPU.ActiveCfg = Release|Any CPU
		{0FABB7CC-22FF-4ADC-BAC9-20914D7C325C}.Release|Any CPU.Build.0 = Release|Any CPU
	EndGlobalSection
	GlobalSection(SolutionProperties) = preSolution
		HideSolutionNode = FALSE
	EndGlobalSection
	GlobalSection(ExtensibilityGlobals) = postSolution
		SolutionGuid = {99DFD656-02B7-4081-BB0D-C83D4D7C3F14}
	EndGlobalSection
EndGlobal
